
Microsoft Visual Studio Solution File, Format Version 12.00
# Visual Studio Version 17
VisualStudioVersion = 17.2.32630.192
MinimumVisualStudioVersion = 10.0.40219.1
Project("{FAE04EC0-301F-11D3-BF4B-00C04F79EFBC}") = "PlayerApi", "PlayerApi\PlayerApi.csproj", "{822A18B0-3565-42A2-BA48-4B9CDABC193A}"
EndProject
Global
	GlobalSection(SolutionConfigurationPlatforms) = preSolution
		Debug|Any CPU = Debug|Any CPU
		Release|Any CPU = Release|Any CPU
	EndGlobalSection
	GlobalSection(ProjectConfigurationPlatforms) = postSolution
		{822A18B0-3565-42A2-BA48-4B9CDABC193A}.Debug|Any CPU.ActiveCfg = Debug|Any CPU
		{822A18B0-3565-42A2-BA48-4B9CDABC193A}.Debug|Any CPU.Build.0 = Debug|Any CPU
		{822A18B0-3565-42A2-BA48-4B9CDABC193A}.Release|Any CPU.ActiveCfg = Release|Any CPU
		{822A18B0-3565-42A2-BA48-4B9CDABC193A}.Release|Any CPU.Build.0 = Release|Any CPU
	EndGlobalSection
	GlobalSection(SolutionProperties) = preSolution
		HideSolutionNode = FALSE
	EndGlobalSection
	GlobalSection(ExtensibilityGlobals) = postSolution
		SolutionGuid = {B3EEFDAC-C850-4A90-9B52-59F20866259B}
	EndGlobalSection
EndGlobal
